
Microsoft Visual Studio Solution File, Format Version 12.00
# Visual Studio Version 17
VisualStudioVersion = 17.4.33205.214
MinimumVisualStudioVersion = 10.0.40219.1
Project("{8BC9CEB8-8B4A-11D0-8D11-00A0C91BC942}") = "Ex2", "ConsoleApplication2\ConsoleApplication2.vcxproj", "{9F69A4DE-E9B7-497A-A29A-FD663B6D247D}"
EndProject
Project("{8BC9CEB8-8B4A-11D0-8D11-00A0C91BC942}") = "Ex1", "Ex1\Ex1.vcxproj", "{B3790E9A-49BE-410F-949E-E45102D18A30}"
EndProject
Project("{8BC9CEB8-8B4A-11D0-8D11-00A0C91BC942}") = "Ex3", "Ex3\Ex3.vcxproj", "{241DC951-3D43-4C32-9880-B8A5AE684E9C}"
EndProject
Project("{8BC9CEB8-8B4A-11D0-8D11-00A0C91BC942}") = "Ex4", "Ex4\Ex4.vcxproj", "{8C1314AD-A348-4152-8EA9-2A1B76E87230}"
EndProject
Project("{8BC9CEB8-8B4A-11D0-8D11-00A0C91BC942}") = "Ex5", "Ex5\Ex5.vcxproj", "{17391FBF-367A-4E12-8880-D4D6D51AECDC}"
EndProject
Project("{8BC9CEB8-8B4A-11D0-8D11-00A0C91BC942}") = "Ex6", "Ex6\Ex6.vcxproj", "{73A12872-5F58-43A0-80BD-FFCE0A64F9A8}"
EndProject
Project("{8BC9CEB8-8B4A-11D0-8D11-00A0C91BC942}") = "Ex8", "Ex8\Ex8.vcxproj", "{95AC7CAD-2844-4C81-8B7A-D67F6AD16608}"
EndProject
Project("{8BC9CEB8-8B4A-11D0-8D11-00A0C91BC942}") = "Ex9", "Ex9\Ex9.vcxproj", "{5361018F-98FE-4184-B287-4E8DFE5E14F6}"
EndProject
Project("{8BC9CEB8-8B4A-11D0-8D11-00A0C91BC942}") = "Ex7", "Ex7\Ex7.vcxproj", "{668DE5D4-9AE9-4A66-A046-9FC0BFB2FF65}"
EndProject
Global
	GlobalSection(SolutionConfigurationPlatforms) = preSolution
		Debug|x64 = Debug|x64
		Debug|x86 = Debug|x86
		Release|x64 = Release|x64
		Release|x86 = Release|x86
	EndGlobalSection
	GlobalSection(ProjectConfigurationPlatforms) = postSolution
		{9F69A4DE-E9B7-497A-A29A-FD663B6D247D}.Debug|x64.ActiveCfg = Debug|x64
		{9F69A4DE-E9B7-497A-A29A-FD663B6D247D}.Debug|x64.Build.0 = Debug|x64
		{9F69A4DE-E9B7-497A-A29A-FD663B6D247D}.Debug|x86.ActiveCfg = Debug|Win32
		{9F69A4DE-E9B7-497A-A29A-FD663B6D247D}.Debug|x86.Build.0 = Debug|Win32
		{9F69A4DE-E9B7-497A-A29A-FD663B6D247D}.Release|x64.ActiveCfg = Release|x64
		{9F69A4DE-E9B7-497A-A29A-FD663B6D247D}.Release|x64.Build.0 = Release|x64
		{9F69A4DE-E9B7-497A-A29A-FD663B6D247D}.Release|x86.ActiveCfg = Release|Win32
		{9F69A4DE-E9B7-497A-A29A-FD663B6D247D}.Release|x86.Build.0 = Release|Win32
		{B3790E9A-49BE-410F-949E-E45102D18A30}.Debug|x64.ActiveCfg = Debug|x64
		{B3790E9A-49BE-410F-949E-E45102D18A30}.Debug|x64.Build.0 = Debug|x64
		{B3790E9A-49BE-410F-949E-E45102D18A30}.Debug|x86.ActiveCfg = Debug|Win32
		{B3790E9A-49BE-410F-949E-E45102D18A30}.Debug|x86.Build.0 = Debug|Win32
		{B3790E9A-49BE-410F-949E-E45102D18A30}.Release|x64.ActiveCfg = Release|x64
		{B3790E9A-49BE-410F-949E-E45102D18A30}.Release|x64.Build.0 = Release|x64
		{B3790E9A-49BE-410F-949E-E45102D18A30}.Release|x86.ActiveCfg = Release|Win32
		{B3790E9A-49BE-410F-949E-E45102D18A30}.Release|x86.Build.0 = Release|Win32
		{241DC951-3D43-4C32-9880-B8A5AE684E9C}.Debug|x64.ActiveCfg = Debug|x64
		{241DC951-3D43-4C32-9880-B8A5AE684E9C}.Debug|x64.Build.0 = Debug|x64
		{241DC951-3D43-4C32-9880-B8A5AE684E9C}.Debug|x86.ActiveCfg = Debug|Win32
		{241DC951-3D43-4C32-9880-B8A5AE684E9C}.Debug|x86.Build.0 = Debug|Win32
		{241DC951-3D43-4C32-9880-B8A5AE684E9C}.Release|x64.ActiveCfg = Release|x64
		{241DC951-3D43-4C32-9880-B8A5AE684E9C}.Release|x64.Build.0 = Release|x64
		{241DC951-3D43-4C32-9880-B8A5AE684E9C}.Release|x86.ActiveCfg = Release|Win32
		{241DC951-3D43-4C32-9880-B8A5AE684E9C}.Release|x86.Build.0 = Release|Win32
		{8C1314AD-A348-4152-8EA9-2A1B76E87230}.Debug|x64.ActiveCfg = Debug|x64
		{8C1314AD-A348-4152-8EA9-2A1B76E87230}.Debug|x64.Build.0 = Debug|x64
		{8C1314AD-A348-4152-8EA9-2A1B76E87230}.Debug|x86.ActiveCfg = Debug|Win32
		{8C1314AD-A348-4152-8EA9-2A1B76E87230}.Debug|x86.Build.0 = Debug|Win32
		{8C1314AD-A348-4152-8EA9-2A1B76E87230}.Release|x64.ActiveCfg = Release|x64
		{8C1314AD-A348-4152-8EA9-2A1B76E87230}.Release|x64.Build.0 = Release|x64
		{8C1314AD-A348-4152-8EA9-2A1B76E87230}.Release|x86.ActiveCfg = Release|Win32
		{8C1314AD-A348-4152-8EA9-2A1B76E87230}.Release|x86.Build.0 = Release|Win32
		{17391FBF-367A-4E12-8880-D4D6D51AECDC}.Debug|x64.ActiveCfg = Debug|x64
		{17391FBF-367A-4E12-8880-D4D6D51AECDC}.Debug|x64.Build.0 = Debug|x64
		{17391FBF-367A-4E12-8880-D4D6D51AECDC}.Debug|x86.ActiveCfg = Debug|Win32
		{17391FBF-367A-4E12-8880-D4D6D51AECDC}.Debug|x86.Build.0 = Debug|Win32
		{17391FBF-367A-4E12-8880-D4D6D51AECDC}.Release|x64.ActiveCfg = Release|x64
		{17391FBF-367A-4E12-8880-D4D6D51AECDC}.Release|x64.Build.0 = Release|x64
		{17391FBF-367A-4E12-8880-D4D6D51AECDC}.Release|x86.ActiveCfg = Release|Win32
		{17391FBF-367A-4E12-8880-D4D6D51AECDC}.Release|x86.Build.0 = Release|Win32
		{73A12872-5F58-43A0-80BD-FFCE0A64F9A8}.Debug|x64.ActiveCfg = Debug|x64
		{73A12872-5F58-43A0-80BD-FFCE0A64F9A8}.Debug|x64.Build.0 = Debug|x64
		{73A12872-5F58-43A0-80BD-FFCE0A64F9A8}.Debug|x86.ActiveCfg = Debug|Win32
		{73A12872-5F58-43A0-80BD-FFCE0A64F9A8}.Debug|x86.Build.0 = Debug|Win32
		{73A12872-5F58-43A0-80BD-FFCE0A64F9A8}.Release|x64.ActiveCfg = Release|x64
		{73A12872-5F58-43A0-80BD-FFCE0A64F9A8}.Release|x64.Build.0 = Release|x64
		{73A12872-5F58-43A0-80BD-FFCE0A64F9A8}.Release|x86.ActiveCfg = Release|Win32
		{73A12872-5F58-43A0-80BD-FFCE0A64F9A8}.Release|x86.Build.0 = Release|Win32
		{95AC7CAD-2844-4C81-8B7A-D67F6AD16608}.Debug|x64.ActiveCfg = Debug|x64
		{95AC7CAD-2844-4C81-8B7A-D67F6AD16608}.Debug|x64.Build.0 = Debug|x64
		{95AC7CAD-2844-4C81-8B7A-D67F6AD16608}.Debug|x86.ActiveCfg = Debug|Win32
		{95AC7CAD-2844-4C81-8B7A-D67F6AD16608}.Debug|x86.Build.0 = Debug|Win32
		{95AC7CAD-2844-4C81-8B7A-D67F6AD16608}.Release|x64.ActiveCfg = Release|x64
		{95AC7CAD-2844-4C81-8B7A-D67F6AD16608}.Release|x64.Build.0 = Release|x64
		{95AC7CAD-2844-4C81-8B7A-D67F6AD16608}.Release|x86.ActiveCfg = Release|Win32
		{95AC7CAD-2844-4C81-8B7A-D67F6AD16608}.Release|x86.Build.0 = Release|Win32
		{5361018F-98FE-4184-B287-4E8DFE5E14F6}.Debug|x64.ActiveCfg = Debug|x64
		{5361018F-98FE-4184-B287-4E8DFE5E14F6}.Debug|x64.Build.0 = Debug|x64
		{5361018F-98FE-4184-B287-4E8DFE5E14F6}.Debug|x86.ActiveCfg = Debug|Win32
		{5361018F-98FE-4184-B287-4E8DFE5E14F6}.Debug|x86.Build.0 = Debug|Win32
		{5361018F-98FE-4184-B287-4E8DFE5E14F6}.Release|x64.ActiveCfg = Release|x64
		{5361018F-98FE-4184-B287-4E8DFE5E14F6}.Release|x64.Build.0 = Release|x64
		{5361018F-98FE-4184-B287-4E8DFE5E14F6}.Release|x86.ActiveCfg = Release|Win32
		{5361018F-98FE-4184-B287-4E8DFE5E14F6}.Release|x86.Build.0 = Release|Win32
		{668DE5D4-9AE9-4A66-A046-9FC0BFB2FF65}.Debug|x64.ActiveCfg = Debug|x64
		{668DE5D4-9AE9-4A66-A046-9FC0BFB2FF65}.Debug|x64.Build.0 = Debug|x64
		{668DE5D4-9AE9-4A66-A046-9FC0BFB2FF65}.Debug|x86.ActiveCfg = Debug|Win32
		{668DE5D4-9AE9-4A66-A046-9FC0BFB2FF65}.Debug|x86.Build.0 = Debug|Win32
		{668DE5D4-9AE9-4A66-A046-9FC0BFB2FF65}.Release|x64.ActiveCfg = Release|x64
		{668DE5D4-9AE9-4A66-A046-9FC0BFB2FF65}.Release|x64.Build.0 = Release|x64
		{668DE5D4-9AE9-4A66-A046-9FC0BFB2FF65}.Release|x86.ActiveCfg = Release|Win32
		{668DE5D4-9AE9-4A66-A046-9FC0BFB2FF65}.Release|x86.Build.0 = Release|Win32
	EndGlobalSection
	GlobalSection(SolutionProperties) = preSolution
		HideSolutionNode = FALSE
	EndGlobalSection
	GlobalSection(ExtensibilityGlobals) = postSolution
		SolutionGuid = {B1904381-9383-4480-843F-79AEE53581E6}
	EndGlobalSection
EndGlobal
